
Microsoft Visual Studio Solution File, Format Version 12.00
# Visual Studio Version 17
VisualStudioVersion = 17.1.32414.318
MinimumVisualStudioVersion = 10.0.40219.1
Project("{FAE04EC0-301F-11D3-BF4B-00C04F79EFBC}") = "SSHRandD", "SSHRandD.csproj", "{3256EA9D-03AB-43D9-889F-693F16F5F646}"
EndProject
Global
	GlobalSection(SolutionConfigurationPlatforms) = preSolution
		Debug|Any CPU = Debug|Any CPU
		Release|Any CPU = Release|Any CPU
	EndGlobalSection
	GlobalSection(ProjectConfigurationPlatforms) = postSolution
		{3256EA9D-03AB-43D9-889F-693F16F5F646}.Debug|Any CPU.ActiveCfg = Debug|Any CPU
		{3256EA9D-03AB-43D9-889F-693F16F5F646}.Debug|Any CPU.Build.0 = Debug|Any CPU
		{3256EA9D-03AB-43D9-889F-693F16F5F646}.Release|Any CPU.ActiveCfg = Release|Any CPU
		{3256EA9D-03AB-43D9-889F-693F16F5F646}.Release|Any CPU.Build.0 = Release|Any CPU
	EndGlobalSection
	GlobalSection(SolutionProperties) = preSolution
		HideSolutionNode = FALSE
	EndGlobalSection
	GlobalSection(ExtensibilityGlobals) = postSolution
		SolutionGuid = {EF7B3F15-64C7-46CF-8B30-C16108078DA6}
	EndGlobalSection
EndGlobal
